
Microsoft Visual Studio Solution File, Format Version 12.00
# Visual Studio 15
Project("{FAE04EC0-301F-11D3-BF4B-00C04F79EFBC}") = "Assembly-CSharp", "Assembly-CSharp.csproj", "{187DDE9B-CF72-6A55-1C7F-5156B0FF0A48}"
EndProject
Project("{FAE04EC0-301F-11D3-BF4B-00C04F79EFBC}") = "Assembly-CSharp-Editor", "Assembly-CSharp-Editor.csproj", "{49604198-6F83-E84C-47BA-45B68E43B0CD}"
EndProject
Global
	GlobalSection(SolutionConfigurationPlatforms) = preSolution
		Debug|Any CPU = Debug|Any CPU
		Release|Any CPU = Release|Any CPU
	EndGlobalSection
	GlobalSection(ProjectConfigurationPlatforms) = postSolution
		{187DDE9B-CF72-6A55-1C7F-5156B0FF0A48}.Debug|Any CPU.ActiveCfg = Debug|Any CPU
		{187DDE9B-CF72-6A55-1C7F-5156B0FF0A48}.Debug|Any CPU.Build.0 = Debug|Any CPU
		{187DDE9B-CF72-6A55-1C7F-5156B0FF0A48}.Release|Any CPU.ActiveCfg = Release|Any CPU
		{187DDE9B-CF72-6A55-1C7F-5156B0FF0A48}.Release|Any CPU.Build.0 = Release|Any CPU
		{49604198-6F83-E84C-47BA-45B68E43B0CD}.Debug|Any CPU.ActiveCfg = Debug|Any CPU
		{49604198-6F83-E84C-47BA-45B68E43B0CD}.Debug|Any CPU.Build.0 = Debug|Any CPU
		{49604198-6F83-E84C-47BA-45B68E43B0CD}.Release|Any CPU.ActiveCfg = Release|Any CPU
		{49604198-6F83-E84C-47BA-45B68E43B0CD}.Release|Any CPU.Build.0 = Release|Any CPU
	EndGlobalSection
	GlobalSection(SolutionProperties) = preSolution
		HideSolutionNode = FALSE
	EndGlobalSection
EndGlobal
