
Microsoft Visual Studio Solution File, Format Version 12.00
# Visual Studio 15
Project("{FAE04EC0-301F-11D3-BF4B-00C04F79EFBC}") = "Assembly-CSharp", "Assembly-CSharp.csproj", "{810879BB-9FE7-2E76-4DB8-18A400105E7A}"
EndProject
Project("{FAE04EC0-301F-11D3-BF4B-00C04F79EFBC}") = "Assembly-CSharp-Editor", "Assembly-CSharp-Editor.csproj", "{557F8D9B-C7F4-FAEB-AE61-14D213ED2E3C}"
EndProject
Global
	GlobalSection(SolutionConfigurationPlatforms) = preSolution
		Debug|Any CPU = Debug|Any CPU
		Release|Any CPU = Release|Any CPU
	EndGlobalSection
	GlobalSection(ProjectConfigurationPlatforms) = postSolution
		{810879BB-9FE7-2E76-4DB8-18A400105E7A}.Debug|Any CPU.ActiveCfg = Debug|Any CPU
		{810879BB-9FE7-2E76-4DB8-18A400105E7A}.Debug|Any CPU.Build.0 = Debug|Any CPU
		{810879BB-9FE7-2E76-4DB8-18A400105E7A}.Release|Any CPU.ActiveCfg = Release|Any CPU
		{810879BB-9FE7-2E76-4DB8-18A400105E7A}.Release|Any CPU.Build.0 = Release|Any CPU
		{557F8D9B-C7F4-FAEB-AE61-14D213ED2E3C}.Debug|Any CPU.ActiveCfg = Debug|Any CPU
		{557F8D9B-C7F4-FAEB-AE61-14D213ED2E3C}.Debug|Any CPU.Build.0 = Debug|Any CPU
		{557F8D9B-C7F4-FAEB-AE61-14D213ED2E3C}.Release|Any CPU.ActiveCfg = Release|Any CPU
		{557F8D9B-C7F4-FAEB-AE61-14D213ED2E3C}.Release|Any CPU.Build.0 = Release|Any CPU
	EndGlobalSection
	GlobalSection(SolutionProperties) = preSolution
		HideSolutionNode = FALSE
	EndGlobalSection
EndGlobal
